{
  "originHash" : "01f286328852d165d87f8fbee99b01f9c2c936f57ac234f76396f74f9d2496dd",
  "pins" : [
    {
      "identity" : "hotkey",
      "kind" : "remoteSourceControl",
      "location" : "https://github.com/soffes/HotKey",
      "state" : {
        "branch" : "main",
        "revision" : "4d02d80de143d69b7eeb5962729591a157a57ede"
      }
    }
  ],
  "version" : 3
}
